{
  "pins" : [
    {
      "identity" : "chameleon",
      "kind" : "remoteSourceControl",
      "location" : "https://github.com/dwsdolce/Chameleon.git",
      "state" : {
        "revision" : "916fb01bec2b8c7b7a274ba16be4341ee73b74f8",
        "version" : "2.2.1"
      }
    },
    {
      "identity" : "realm-core",
      "kind" : "remoteSourceControl",
      "location" : "https://github.com/realm/realm-core.git",
      "state" : {
        "revision" : "36b2df44453ba5e830369c76ab0683799a287605",
        "version" : "13.13.0"
      }
    },
    {
      "identity" : "realm-swift",
      "kind" : "remoteSourceControl",
      "location" : "https://github.com/realm/realm-swift.git",
      "state" : {
        "revision" : "9ce8cf2c6cc1a7539e9feb1b5b85da6d20219ff5",
        "version" : "10.40.0"
      }
    },
    {
      "identity" : "swipecellkit",
      "kind" : "remoteSourceControl",
      "location" : "https://github.com/SwipeCellKit/SwipeCellKit",
      "state" : {
        "branch" : "develop",
        "revision" : "6d632bdf1b7309505566b0248a00f61b67415a37"
      }
    }
  ],
  "version" : 2
}
